
Microsoft Visual Studio Solution File, Format Version 12.00
# Visual Studio 15
VisualStudioVersion = 15.0.26124.0
MinimumVisualStudioVersion = 15.0.26124.0
Project("{FAE04EC0-301F-11D3-BF4B-00C04F79EFBC}") = "GivtAdvertisements", "GivtAdvertisements\GivtAdvertisements.csproj", "{AF28B613-B0C5-4303-8991-508BBB9AE3FA}"
EndProject
Project("{FAE04EC0-301F-11D3-BF4B-00C04F79EFBC}") = "Advertisements.API", "Advertisements.API\Advertisements.API.csproj", "{F9F8143C-5CDB-4218-9470-62D58EBD0C84}"
EndProject
Project("{FAE04EC0-301F-11D3-BF4B-00C04F79EFBC}") = "GivtAdvertisements.Business", "GivtAdvertisements.Business\GivtAdvertisements.Business.csproj", "{3F1E6ACB-5832-463D-9AF5-10F0A1BEB63A}"
EndProject
Global
	GlobalSection(SolutionConfigurationPlatforms) = preSolution
		Debug|Any CPU = Debug|Any CPU
		Debug|x64 = Debug|x64
		Debug|x86 = Debug|x86
		Release|Any CPU = Release|Any CPU
		Release|x64 = Release|x64
		Release|x86 = Release|x86
	EndGlobalSection
	GlobalSection(SolutionProperties) = preSolution
		HideSolutionNode = FALSE
	EndGlobalSection
	GlobalSection(ProjectConfigurationPlatforms) = postSolution
		{AF28B613-B0C5-4303-8991-508BBB9AE3FA}.Debug|Any CPU.ActiveCfg = Debug|Any CPU
		{AF28B613-B0C5-4303-8991-508BBB9AE3FA}.Debug|Any CPU.Build.0 = Debug|Any CPU
		{AF28B613-B0C5-4303-8991-508BBB9AE3FA}.Debug|x64.ActiveCfg = Debug|Any CPU
		{AF28B613-B0C5-4303-8991-508BBB9AE3FA}.Debug|x64.Build.0 = Debug|Any CPU
		{AF28B613-B0C5-4303-8991-508BBB9AE3FA}.Debug|x86.ActiveCfg = Debug|Any CPU
		{AF28B613-B0C5-4303-8991-508BBB9AE3FA}.Debug|x86.Build.0 = Debug|Any CPU
		{AF28B613-B0C5-4303-8991-508BBB9AE3FA}.Release|Any CPU.ActiveCfg = Release|Any CPU
		{AF28B613-B0C5-4303-8991-508BBB9AE3FA}.Release|Any CPU.Build.0 = Release|Any CPU
		{AF28B613-B0C5-4303-8991-508BBB9AE3FA}.Release|x64.ActiveCfg = Release|Any CPU
		{AF28B613-B0C5-4303-8991-508BBB9AE3FA}.Release|x64.Build.0 = Release|Any CPU
		{AF28B613-B0C5-4303-8991-508BBB9AE3FA}.Release|x86.ActiveCfg = Release|Any CPU
		{AF28B613-B0C5-4303-8991-508BBB9AE3FA}.Release|x86.Build.0 = Release|Any CPU
		{F9F8143C-5CDB-4218-9470-62D58EBD0C84}.Debug|Any CPU.ActiveCfg = Debug|Any CPU
		{F9F8143C-5CDB-4218-9470-62D58EBD0C84}.Debug|Any CPU.Build.0 = Debug|Any CPU
		{F9F8143C-5CDB-4218-9470-62D58EBD0C84}.Debug|x64.ActiveCfg = Debug|Any CPU
		{F9F8143C-5CDB-4218-9470-62D58EBD0C84}.Debug|x64.Build.0 = Debug|Any CPU
		{F9F8143C-5CDB-4218-9470-62D58EBD0C84}.Debug|x86.ActiveCfg = Debug|Any CPU
		{F9F8143C-5CDB-4218-9470-62D58EBD0C84}.Debug|x86.Build.0 = Debug|Any CPU
		{F9F8143C-5CDB-4218-9470-62D58EBD0C84}.Release|Any CPU.ActiveCfg = Release|Any CPU
		{F9F8143C-5CDB-4218-9470-62D58EBD0C84}.Release|Any CPU.Build.0 = Release|Any CPU
		{F9F8143C-5CDB-4218-9470-62D58EBD0C84}.Release|x64.ActiveCfg = Release|Any CPU
		{F9F8143C-5CDB-4218-9470-62D58EBD0C84}.Release|x64.Build.0 = Release|Any CPU
		{F9F8143C-5CDB-4218-9470-62D58EBD0C84}.Release|x86.ActiveCfg = Release|Any CPU
		{F9F8143C-5CDB-4218-9470-62D58EBD0C84}.Release|x86.Build.0 = Release|Any CPU
		{3F1E6ACB-5832-463D-9AF5-10F0A1BEB63A}.Debug|Any CPU.ActiveCfg = Debug|Any CPU
		{3F1E6ACB-5832-463D-9AF5-10F0A1BEB63A}.Debug|Any CPU.Build.0 = Debug|Any CPU
		{3F1E6ACB-5832-463D-9AF5-10F0A1BEB63A}.Debug|x64.ActiveCfg = Debug|Any CPU
		{3F1E6ACB-5832-463D-9AF5-10F0A1BEB63A}.Debug|x64.Build.0 = Debug|Any CPU
		{3F1E6ACB-5832-463D-9AF5-10F0A1BEB63A}.Debug|x86.ActiveCfg = Debug|Any CPU
		{3F1E6ACB-5832-463D-9AF5-10F0A1BEB63A}.Debug|x86.Build.0 = Debug|Any CPU
		{3F1E6ACB-5832-463D-9AF5-10F0A1BEB63A}.Release|Any CPU.ActiveCfg = Release|Any CPU
		{3F1E6ACB-5832-463D-9AF5-10F0A1BEB63A}.Release|Any CPU.Build.0 = Release|Any CPU
		{3F1E6ACB-5832-463D-9AF5-10F0A1BEB63A}.Release|x64.ActiveCfg = Release|Any CPU
		{3F1E6ACB-5832-463D-9AF5-10F0A1BEB63A}.Release|x64.Build.0 = Release|Any CPU
		{3F1E6ACB-5832-463D-9AF5-10F0A1BEB63A}.Release|x86.ActiveCfg = Release|Any CPU
		{3F1E6ACB-5832-463D-9AF5-10F0A1BEB63A}.Release|x86.Build.0 = Release|Any CPU
	EndGlobalSection
EndGlobal
